
Microsoft Visual Studio Solution File, Format Version 12.00
# Visual Studio Version 17
VisualStudioVersion = 17.2.32630.192
MinimumVisualStudioVersion = 10.0.40219.1
Project("{FAE04EC0-301F-11D3-BF4B-00C04F79EFBC}") = "MoviesAPI", "MoviesAPI\MoviesAPI.csproj", "{273809FE-3023-4CE4-82CB-874485F7828D}"
EndProject
Global
	GlobalSection(SolutionConfigurationPlatforms) = preSolution
		Debug|Any CPU = Debug|Any CPU
		Release|Any CPU = Release|Any CPU
	EndGlobalSection
	GlobalSection(ProjectConfigurationPlatforms) = postSolution
		{273809FE-3023-4CE4-82CB-874485F7828D}.Debug|Any CPU.ActiveCfg = Debug|Any CPU
		{273809FE-3023-4CE4-82CB-874485F7828D}.Debug|Any CPU.Build.0 = Debug|Any CPU
		{273809FE-3023-4CE4-82CB-874485F7828D}.Release|Any CPU.ActiveCfg = Release|Any CPU
		{273809FE-3023-4CE4-82CB-874485F7828D}.Release|Any CPU.Build.0 = Release|Any CPU
	EndGlobalSection
	GlobalSection(SolutionProperties) = preSolution
		HideSolutionNode = FALSE
	EndGlobalSection
	GlobalSection(ExtensibilityGlobals) = postSolution
		SolutionGuid = {2A20465B-5BDD-4B62-9BB1-CE182A8F50C2}
	EndGlobalSection
EndGlobal
